# THIS IS AN AUTOGENERATED FILE. DO NOT EDIT THIS FILE DIRECTLY.
# yarn lockfile v1


abbrev@1:
  version "1.1.1"
  resolved "https://registry.npmjs.org/abbrev/-/abbrev-1.1.1.tgz#f8f2c887ad10bf67f634f005b6987fed3179aac8"

android-versions@^1.3.0:
  version "1.3.0"
  resolved "https://registry.npmjs.org/android-versions/-/android-versions-1.3.0.tgz#ce6f3eae2e165ce4ed49b89beb68014741093044"
  dependencies:
    semver "^5.4.1"

ansi@^0.3.1:
  version "0.3.1"
  resolved "https://registry.npmjs.org/ansi/-/ansi-0.3.1.tgz#0c42d4fb17160d5a9af1e484bace1c66922c1b21"

balanced-match@^1.0.0:
  version "1.0.0"
  resolved "https://registry.npmjs.org/balanced-match/-/balanced-match-1.0.0.tgz#89b4d199ab2bee49de164ea02b89ce462d71b767"

base64-js@0.0.8:
  version "0.0.8"
  resolved "https://registry.npmjs.org/base64-js/-/base64-js-0.0.8.tgz#1101e9544f4a76b1bc3b26d452ca96d7a35e7978"

base64-js@^1.2.3:
  version "1.3.0"
  resolved "https://registry.npmjs.org/base64-js/-/base64-js-1.3.0.tgz#cab1e6118f051095e58b5281aea8c1cd22bfc0e3"

big-integer@^1.6.7:
  version "1.6.31"
  resolved "https://registry.npmjs.org/big-integer/-/big-integer-1.6.31.tgz#6d7852486e67c642502dcc03f7225a245c9fc7fa"

bplist-creator@0.0.4:
  version "0.0.4"
  resolved "https://registry.npmjs.org/bplist-creator/-/bplist-creator-0.0.4.tgz#4ac0496782e127a85c1d2026a4f5eb22a7aff991"
  dependencies:
    stream-buffers "~0.2.3"

bplist-parser@0.0.6, bplist-parser@^0.0.6:
  version "0.0.6"
  resolved "https://registry.npmjs.org/bplist-parser/-/bplist-parser-0.0.6.tgz#38da3471817df9d44ab3892e27707bbbd75a11b9"

bplist-parser@^0.1.0:
  version "0.1.1"
  resolved "https://registry.npmjs.org/bplist-parser/-/bplist-parser-0.1.1.tgz#d60d5dcc20cba6dc7e1f299b35d3e1f95dafbae6"
  dependencies:
    big-integer "^1.6.7"

brace-expansion@^1.1.7:
  version "1.1.11"
  resolved "https://registry.npmjs.org/brace-expansion/-/brace-expansion-1.1.11.tgz#3c7fcbf529d87226f3d2f52b966ff5271eb441dd"
  dependencies:
    balanced-match "^1.0.0"
    concat-map "0.0.1"

concat-map@0.0.1:
  version "0.0.1"
  resolved "https://registry.npmjs.org/concat-map/-/concat-map-0.0.1.tgz#d8a96bd77fd68df7793a73036a3ba0d5405d477b"

cordova-android@7.1.0:
  version "7.1.0"
  resolved "https://registry.npmjs.org/cordova-android/-/cordova-android-7.1.0.tgz#1cd36ee7b9d19bad50d3e9842b731fe590924dd5"
  dependencies:
    android-versions "^1.3.0"
    cordova-common "^2.2.0"
    elementtree "0.1.6"
    nopt "^3.0.1"
    properties-parser "^0.2.3"
    q "^1.4.1"
    shelljs "^0.5.3"

cordova-common@^1.1.0:
  version "1.5.1"
  resolved "https://registry.npmjs.org/cordova-common/-/cordova-common-1.5.1.tgz#6770de0d6200ad6f94a1abe8939b5bd9ece139e3"
  dependencies:
    ansi "^0.3.1"
    bplist-parser "^0.1.0"
    cordova-registry-mapper "^1.1.8"
    elementtree "^0.1.6"
    glob "^5.0.13"
    minimatch "^3.0.0"
    osenv "^0.1.3"
    plist "^1.2.0"
    q "^1.4.1"
    semver "^5.0.1"
    shelljs "^0.5.3"
    underscore "^1.8.3"
    unorm "^1.3.3"

cordova-common@^2.2.0:
  version "2.2.3"
  resolved "https://registry.npmjs.org/cordova-common/-/cordova-common-2.2.3.tgz#0c5e493a472baaea4651c093ec8165c7afb224bf"
  dependencies:
    ansi "^0.3.1"
    bplist-parser "^0.1.0"
    cordova-registry-mapper "^1.1.8"
    elementtree "0.1.7"
    glob "^7.1.2"
    minimatch "^3.0.0"
    plist "^3.0.1"
    q "^1.4.1"
    shelljs "^0.8.1"
    strip-bom "^3.0.0"
    underscore "^1.8.3"

cordova-ios@~4.1.1:
  version "4.1.1"
  resolved "https://registry.npmjs.org/cordova-ios/-/cordova-ios-4.1.1.tgz#7db4415ce384630d5052e861a314212411434b4d"
  dependencies:
    cordova-common "^1.1.0"
    ios-sim "^5.0.7"
    nopt "^3.0.6"
    plist "^1.2.0"
    q "^1.4.1"
    shelljs "^0.5.3"
    xcode "^0.8.3"

cordova-plugin-compat@^1.2.0:
  version "1.2.0"
  resolved "https://registry.npmjs.org/cordova-plugin-compat/-/cordova-plugin-compat-1.2.0.tgz#0bc65757276ebd920c012ce920e274177576373e"

cordova-plugin-console@^1.0.7:
  version "1.1.0"
  resolved "https://registry.npmjs.org/cordova-plugin-console/-/cordova-plugin-console-1.1.0.tgz#e2fbac10290179e44cb72c5fdbc410a531c1cd6d"

cordova-plugin-file@^6.0.1:
  version "6.0.1"
  resolved "https://registry.npmjs.org/cordova-plugin-file/-/cordova-plugin-file-6.0.1.tgz#49606b8c15a5688d4728f92e4a7325a061de07f5"

cordova-plugin-media@^5.0.2:
  version "5.0.2"
  resolved "https://registry.npmjs.org/cordova-plugin-media/-/cordova-plugin-media-5.0.2.tgz#3345769c07e6a46a71c97e1bb434dacca5c8d80b"

cordova-plugin-splashscreen@^5.0.2:
  version "5.0.2"
  resolved "https://registry.npmjs.org/cordova-plugin-splashscreen/-/cordova-plugin-splashscreen-5.0.2.tgz#747e74f56e201cd585bc62d14bca19f6867ff1ed"

cordova-plugin-statusbar@^2.4.2:
  version "2.4.2"
  resolved "https://registry.npmjs.org/cordova-plugin-statusbar/-/cordova-plugin-statusbar-2.4.2.tgz#fc1fbdc0d8d7033a7e8e1f1f7ff167ac9bd4faf6"

cordova-plugin-whitelist@^1.3.3:
  version "1.3.3"
  resolved "https://registry.npmjs.org/cordova-plugin-whitelist/-/cordova-plugin-whitelist-1.3.3.tgz#b5e85ecdbbfe5aeded40a1bf4ee2372e67d96fb4"

cordova-registry-mapper@^1.1.8:
  version "1.1.15"
  resolved "https://registry.npmjs.org/cordova-registry-mapper/-/cordova-registry-mapper-1.1.15.tgz#e244b9185b8175473bff6079324905115f83dc7c"

elementtree@0.1.6:
  version "0.1.6"
  resolved "https://registry.npmjs.org/elementtree/-/elementtree-0.1.6.tgz#2ac4c46ea30516c8c4cbdb5e3ac7418e592de20c"
  dependencies:
    sax "0.3.5"

elementtree@0.1.7, elementtree@^0.1.6:
  version "0.1.7"
  resolved "https://registry.npmjs.org/elementtree/-/elementtree-0.1.7.tgz#9ac91be6e52fb6e6244c4e54a4ac3ed8ae8e29c0"
  dependencies:
    sax "1.1.4"

fs.realpath@^1.0.0:
  version "1.0.0"
  resolved "https://registry.npmjs.org/fs.realpath/-/fs.realpath-1.0.0.tgz#1504ad2523158caa40db4a2787cb01411994ea4f"

glob@^5.0.13:
  version "5.0.15"
  resolved "https://registry.npmjs.org/glob/-/glob-5.0.15.tgz#1bc936b9e02f4a603fcc222ecf7633d30b8b93b1"
  dependencies:
    inflight "^1.0.4"
    inherits "2"
    minimatch "2 || 3"
    once "^1.3.0"
    path-is-absolute "^1.0.0"

glob@^7.0.0, glob@^7.1.2:
  version "7.1.2"
  resolved "https://registry.npmjs.org/glob/-/glob-7.1.2.tgz#c19c9df9a028702d678612384a6552404c636d15"
  dependencies:
    fs.realpath "^1.0.0"
    inflight "^1.0.4"
    inherits "2"
    minimatch "^3.0.4"
    once "^1.3.0"
    path-is-absolute "^1.0.0"

inflight@^1.0.4:
  version "1.0.6"
  resolved "https://registry.npmjs.org/inflight/-/inflight-1.0.6.tgz#49bd6331d7d02d0c09bc910a1075ba8165b56df9"
  dependencies:
    once "^1.3.0"
    wrappy "1"

inherits@2:
  version "2.0.3"
  resolved "https://registry.npmjs.org/inherits/-/inherits-2.0.3.tgz#633c2c83e3da42a502f52466022480f4208261de"

interpret@^1.0.0:
  version "1.1.0"
  resolved "https://registry.npmjs.org/interpret/-/interpret-1.1.0.tgz#7ed1b1410c6a0e0f78cf95d3b8440c63f78b8614"

ios-sim@^5.0.7:
  version "5.1.0"
  resolved "https://registry.npmjs.org/ios-sim/-/ios-sim-5.1.0.tgz#5d78a29e520ba0973145fb4257eb9b2a41018da6"
  dependencies:
    bplist-parser "^0.0.6"
    nopt "1.0.9"
    plist "^1.2.0"
    simctl "^1.0.0"

lodash@^3.5.0:
  version "3.10.1"
  resolved "https://registry.npmjs.org/lodash/-/lodash-3.10.1.tgz#5bf45e8e49ba4189e17d482789dfd15bd140b7b6"

"minimatch@2 || 3", minimatch@^3.0.0, minimatch@^3.0.4:
  version "3.0.4"
  resolved "https://registry.npmjs.org/minimatch/-/minimatch-3.0.4.tgz#5166e286457f03306064be5497e8dbb0c3d32083"
  dependencies:
    brace-expansion "^1.1.7"

node-uuid@1.4.7:
  version "1.4.7"
  resolved "https://registry.npmjs.org/node-uuid/-/node-uuid-1.4.7.tgz#6da5a17668c4b3dd59623bda11cf7fa4c1f60a6f"

nopt@1.0.9:
  version "1.0.9"
  resolved "https://registry.npmjs.org/nopt/-/nopt-1.0.9.tgz#3bc0d7cba7bfb0d5a676dbed7c0ebe48a4fd454e"
  dependencies:
    abbrev "1"

nopt@^3.0.1, nopt@^3.0.6:
  version "3.0.6"
  resolved "https://registry.npmjs.org/nopt/-/nopt-3.0.6.tgz#c6465dbf08abcd4db359317f79ac68a646b28ff9"
  dependencies:
    abbrev "1"

once@^1.3.0:
  version "1.4.0"
  resolved "https://registry.npmjs.org/once/-/once-1.4.0.tgz#583b1aa775961d4b113ac17d9c50baef9dd76bd1"
  dependencies:
    wrappy "1"

os-homedir@^1.0.0:
  version "1.0.2"
  resolved "https://registry.npmjs.org/os-homedir/-/os-homedir-1.0.2.tgz#ffbc4988336e0e833de0c168c7ef152121aa7fb3"

os-tmpdir@^1.0.0:
  version "1.0.2"
  resolved "https://registry.npmjs.org/os-tmpdir/-/os-tmpdir-1.0.2.tgz#bbe67406c79aa85c5cfec766fe5734555dfa1274"

osenv@^0.1.3:
  version "0.1.5"
  resolved "https://registry.npmjs.org/osenv/-/osenv-0.1.5.tgz#85cdfafaeb28e8677f416e287592b5f3f49ea410"
  dependencies:
    os-homedir "^1.0.0"
    os-tmpdir "^1.0.0"

path-is-absolute@^1.0.0:
  version "1.0.1"
  resolved "https://registry.npmjs.org/path-is-absolute/-/path-is-absolute-1.0.1.tgz#174b9268735534ffbc7ace6bf53a5a9e1b5c5f5f"

path-parse@^1.0.5:
  version "1.0.5"
  resolved "https://registry.npmjs.org/path-parse/-/path-parse-1.0.5.tgz#3c1adf871ea9cd6c9431b6ea2bd74a0ff055c4c1"

pegjs@0.9.0:
  version "0.9.0"
  resolved "https://registry.npmjs.org/pegjs/-/pegjs-0.9.0.tgz#f6aefa2e3ce56169208e52179dfe41f89141a369"

plist@1.2.0, plist@^1.2.0:
  version "1.2.0"
  resolved "https://registry.npmjs.org/plist/-/plist-1.2.0.tgz#084b5093ddc92506e259f874b8d9b1afb8c79593"
  dependencies:
    base64-js "0.0.8"
    util-deprecate "1.0.2"
    xmlbuilder "4.0.0"
    xmldom "0.1.x"

plist@^3.0.1:
  version "3.0.1"
  resolved "https://registry.npmjs.org/plist/-/plist-3.0.1.tgz#a9b931d17c304e8912ef0ba3bdd6182baf2e1f8c"
  dependencies:
    base64-js "^1.2.3"
    xmlbuilder "^9.0.7"
    xmldom "0.1.x"

properties-parser@^0.2.3:
  version "0.2.3"
  resolved "https://registry.npmjs.org/properties-parser/-/properties-parser-0.2.3.tgz#f7591255f707abbff227c7b56b637dbb0373a10f"

q@^1.4.1:
  version "1.5.1"
  resolved "https://registry.npmjs.org/q/-/q-1.5.1.tgz#7e32f75b41381291d04611f1bf14109ac00651d7"

rechoir@^0.6.2:
  version "0.6.2"
  resolved "https://registry.npmjs.org/rechoir/-/rechoir-0.6.2.tgz#85204b54dba82d5742e28c96756ef43af50e3384"
  dependencies:
    resolve "^1.1.6"

resolve@^1.1.6:
  version "1.7.1"
  resolved "https://registry.npmjs.org/resolve/-/resolve-1.7.1.tgz#aadd656374fd298aee895bc026b8297418677fd3"
  dependencies:
    path-parse "^1.0.5"

sax@0.3.5:
  version "0.3.5"
  resolved "https://registry.npmjs.org/sax/-/sax-0.3.5.tgz#88fcfc1f73c0c8bbd5b7c776b6d3f3501eed073d"

sax@1.1.4:
  version "1.1.4"
  resolved "https://registry.npmjs.org/sax/-/sax-1.1.4.tgz#74b6d33c9ae1e001510f179a91168588f1aedaa9"

semver@^5.0.1, semver@^5.4.1:
  version "5.5.0"
  resolved "https://registry.npmjs.org/semver/-/semver-5.5.0.tgz#dc4bbc7a6ca9d916dee5d43516f0092b58f7b8ab"

shelljs@^0.2.6:
  version "0.2.6"
  resolved "https://registry.npmjs.org/shelljs/-/shelljs-0.2.6.tgz#90492d72ffcc8159976baba62fb0f6884f0c3378"

shelljs@^0.5.3:
  version "0.5.3"
  resolved "https://registry.npmjs.org/shelljs/-/shelljs-0.5.3.tgz#c54982b996c76ef0c1e6b59fbdc5825f5b713113"

shelljs@^0.8.1:
  version "0.8.2"
  resolved "https://registry.npmjs.org/shelljs/-/shelljs-0.8.2.tgz#345b7df7763f4c2340d584abb532c5f752ca9e35"
  dependencies:
    glob "^7.0.0"
    interpret "^1.0.0"
    rechoir "^0.6.2"

simctl@^1.0.0:
  version "1.1.1"
  resolved "https://registry.npmjs.org/simctl/-/simctl-1.1.1.tgz#e26cc3c04e662250b4457b5b4c48cc12484f3814"
  dependencies:
    shelljs "^0.2.6"
    tail "^0.4.0"

simple-plist@0.1.4:
  version "0.1.4"
  resolved "https://registry.npmjs.org/simple-plist/-/simple-plist-0.1.4.tgz#10eb51b47e33c556eb8ec46d5ee64d64e717db5d"
  dependencies:
    bplist-creator "0.0.4"
    bplist-parser "0.0.6"
    plist "1.2.0"

stream-buffers@~0.2.3:
  version "0.2.6"
  resolved "https://registry.npmjs.org/stream-buffers/-/stream-buffers-0.2.6.tgz#181c08d5bb3690045f69401b9ae6a7a0cf3313fc"

strip-bom@^3.0.0:
  version "3.0.0"
  resolved "https://registry.npmjs.org/strip-bom/-/strip-bom-3.0.0.tgz#2334c18e9c759f7bdd56fdef7e9ae3d588e68ed3"

tail@^0.4.0:
  version "0.4.0"
  resolved "https://registry.npmjs.org/tail/-/tail-0.4.0.tgz#d29de72750cc99db1e053aff13c359ecfb713002"

underscore@^1.8.3:
  version "1.9.1"
  resolved "https://registry.npmjs.org/underscore/-/underscore-1.9.1.tgz#06dce34a0e68a7babc29b365b8e74b8925203961"

unorm@^1.3.3:
  version "1.4.1"
  resolved "https://registry.npmjs.org/unorm/-/unorm-1.4.1.tgz#364200d5f13646ca8bcd44490271335614792300"

util-deprecate@1.0.2:
  version "1.0.2"
  resolved "https://registry.npmjs.org/util-deprecate/-/util-deprecate-1.0.2.tgz#450d4dc9fa70de732762fbd2d4a28981419a0ccf"

wrappy@1:
  version "1.0.2"
  resolved "https://registry.npmjs.org/wrappy/-/wrappy-1.0.2.tgz#b5243d8f3ec1aa35f1364605bc0d1036e30ab69f"

xcode@^0.8.3:
  version "0.8.9"
  resolved "https://registry.npmjs.org/xcode/-/xcode-0.8.9.tgz#ec6765f70e9dccccc9f6e9a5b9b4e7e814b4cf35"
  dependencies:
    node-uuid "1.4.7"
    pegjs "0.9.0"
    simple-plist "0.1.4"

xmlbuilder@4.0.0:
  version "4.0.0"
  resolved "https://registry.npmjs.org/xmlbuilder/-/xmlbuilder-4.0.0.tgz#98b8f651ca30aa624036f127d11cc66dc7b907a3"
  dependencies:
    lodash "^3.5.0"

xmlbuilder@^9.0.7:
  version "9.0.7"
  resolved "https://registry.npmjs.org/xmlbuilder/-/xmlbuilder-9.0.7.tgz#132ee63d2ec5565c557e20f4c22df9aca686b10d"

xmldom@0.1.x:
  version "0.1.27"
  resolved "https://registry.npmjs.org/xmldom/-/xmldom-0.1.27.tgz#d501f97b3bdb403af8ef9ecc20573187aadac0e9"
